{
  "name": "style-aggregator",
  "version": "1.0.0",
  "lockfileVersion": 3,
  "requires": true,
  "packages": {
    "": {
      "name": "style-aggregator",
      "version": "1.0.0",
      "dependencies": {
        "@anthropic-ai/sdk": "^0.131.0",
        "@vercel/functions": "^3.9.10",
        "algoliasearch": "^5.59.0",
        "node-fetch": "^3.3.2"
      }
    },
    "node_modules/@algolia/abtesting": {
      "version": "1.25.0",
      "resolved": "https://registry.npmjs.org/@algolia/abtesting/-/abtesting-1.25.0.tgz",
      "integrity": "sha512-rSTin9Uta23uaewYVQEp8XI9T3iA/zrg0/1G2vhf8oFFDxFL5vybnZ5IQwsVAg4JpKxPX4/WYNKdcfWrZymk7w==",
      "license": "MIT",
      "dependencies": {
        "@algolia/client-common": "5.59.0",
        "@algolia/requester-browser-xhr": "5.59.0",
        "@algolia/requester-fetch": "5.59.0",
        "@algolia/requester-node-http": "5.59.0"
      },
      "engines": {
        "node": ">= 14.0.0"
      }
    },
    "node_modules/@algolia/client-abtesting": {
      "version": "5.59.0",
      "resolved": "https://registry.npmjs.org/@algolia/client-abtesting/-/client-abtesting-5.59.0.tgz",
      "integrity": "sha512-bm2XN0hCSMYwStSsCBT0/PUB2BDxoyR1Lnub3c392HMEy9bi8PUSW8vR6zltVEKWG2t4PQFWMD5C07bmJxGgPg==",
      "license": "MIT",
      "dependencies": {
        "@algolia/client-common": "5.59.0",
        "@algolia/requester-browser-xhr": "5.59.0",
        "@algolia/requester-fetch": "5.59.0",
        "@algolia/requester-node-http": "5.59.0"
      },
      "engines": {
        "node": ">= 14.0.0"
      }
    },
    "node_modules/@algolia/client-analytics": {
      "version": "5.59.0",
      "resolved": "https://registry.npmjs.org/@algolia/client-analytics/-/client-analytics-5.59.0.tgz",
      "integrity": "sha512-XOFPOTa69WuqHR6c5tMgnUUwwqQgNSzMpxmhrgA9KmxRf8WIqEa0cokHJvohk5CYb7CZx0xeSL6Bk2IUJ7Lv7Q==",
      "license": "MIT",
      "dependencies": {
        "@algolia/client-common": "5.59.0",
        "@algolia/requester-browser-xhr": "5.59.0",
        "@algolia/requester-fetch": "5.59.0",
        "@algolia/requester-node-http": "5.59.0"
      },
      "engines": {
        "node": ">= 14.0.0"
      }
    },
    "node_modules/@algolia/client-common": {
      "version": "5.59.0",
      "resolved": "https://registry.npmjs.org/@algolia/client-common/-/client-common-5.59.0.tgz",
      "integrity": "sha512-PC8ipLOYFKRTfIUY1J3FJxS6ryzWziaXmIX9/sNMoUR8L+XhF7hX2QAeUI87YVl5zujvlYTSOb+HAIqKXDjyHQ==",
      "license": "MIT",
      "engines": {
        "node": ">= 14.0.0"
      }
    },
    "node_modules/@algolia/client-insights": {
      "version": "5.59.0",
      "resolved": "https://registry.npmjs.org/@algolia/client-insights/-/client-insights-5.59.0.tgz",
      "integrity": "sha512-yFNcCMM5fHiyoR0HuxMrzy+VjDcmhFUZTm2IJ2DHwGsVH3B5SEob4zTmeEZ3j/AZqNnmrJOCKl/tJnBg7+84bA==",
      "license": "MIT",
      "dependencies": {
        "@algolia/client-common": "5.59.0",
        "@algolia/requester-browser-xhr": "5.59.0",
        "@algolia/requester-fetch": "5.59.0",
        "@algolia/requester-node-http": "5.59.0"
      },
      "engines": {
        "node": ">= 14.0.0"
      }
    },
    "node_modules/@algolia/client-personalization": {
      "version": "5.59.0",
      "resolved": "https://registry.npmjs.org/@algolia/client-personalization/-/client-personalization-5.59.0.tgz",
      "integrity": "sha512-GYja6HkDt2VrQhWmB2cLx3Z5fDwI9no7q+xwCWcFrTPm5CLH9QZvK0XLO9co1FcNIDxxkMaP3AXM39/XcecEOg==",
      "license": "MIT",
      "dependencies": {
        "@algolia/client-common": "5.59.0",
        "@algolia/requester-browser-xhr": "5.59.0",
        "@algolia/requester-fetch": "5.59.0",
        "@algolia/requester-node-http": "5.59.0"
      },
      "engines": {
        "node": ">= 14.0.0"
      }
    },
    "node_modules/@algolia/client-query-suggestions": {
      "version": "5.59.0",
      "resolved": "https://registry.npmjs.org/@algolia/client-query-suggestions/-/client-query-suggestions-5.59.0.tgz",
      "integrity": "sha512-Wofg7bMpWh8N5qDDZs0wy6whc+KMmdNsxgrIGp9Ug2s1Bka0uq7AjyckdxReKPHLA0Q1qH8X/SNh0wn2t2X2Lw==",
      "license": "MIT",
      "dependencies": {
        "@algolia/client-common": "5.59.0",
        "@algolia/requester-browser-xhr": "5.59.0",
        "@algolia/requester-fetch": "5.59.0",
        "@algolia/requester-node-http": "5.59.0"
      },
      "engines": {
        "node": ">= 14.0.0"
      }
    },
    "node_modules/@algolia/client-search": {
      "version": "5.59.0",
      "resolved": "https://registry.npmjs.org/@algolia/client-search/-/client-search-5.59.0.tgz",
      "integrity": "sha512-fHnALZfbEnODczGk14Y/1YBRApp6UEpZUTexGcMUPzY7RDc7q4HN2Y6jh0KUG8Jo9B+q+wOoQEc3ziR0ErbuFg==",
      "license": "MIT",
      "dependencies": {
        "@algolia/client-common": "5.59.0",
        "@algolia/requester-browser-xhr": "5.59.0",
        "@algolia/requester-fetch": "5.59.0",
        "@algolia/requester-node-http": "5.59.0"
      },
      "engines": {
        "node": ">= 14.0.0"
      }
    },
    "node_modules/@algolia/ingestion": {
      "version": "1.59.0",
      "resolved": "https://registry.npmjs.org/@algolia/ingestion/-/ingestion-1.59.0.tgz",
      "integrity": "sha512-Fa38s1mHgoaLCT117sfJ6P78rtxUt93CYxBYpq1VOIcslaF+cH+1h5uikAPsKfxLnsuEDZHiBiaI6eNPTsQMRA==",
      "license": "MIT",
      "dependencies": {
        "@algolia/client-common": "5.59.0",
        "@algolia/requester-browser-xhr": "5.59.0",
        "@algolia/requester-fetch": "5.59.0",
        "@algolia/requester-node-http": "5.59.0"
      },
      "engines": {
        "node": ">= 14.0.0"
      }
    },
    "node_modules/@algolia/monitoring": {
      "version": "1.59.0",
      "resolved": "https://registry.npmjs.org/@algolia/monitoring/-/monitoring-1.59.0.tgz",
      "integrity": "sha512-NyNsRSqM2tF1MX7ZGw/j4rduoEJiQ5wfvbSo/CFVdEzYCjyxbGFRPOZyS/GETJG9rk1TdHOq8NZqKqk/u1fm4g==",
      "license": "MIT",
      "dependencies": {
        "@algolia/client-common": "5.59.0",
        "@algolia/requester-browser-xhr": "5.59.0",
        "@algolia/requester-fetch": "5.59.0",
        "@algolia/requester-node-http": "5.59.0"
      },
      "engines": {
        "node": ">= 14.0.0"
      }
    },
    "node_modules/@algolia/recommend": {
      "version": "5.59.0",
      "resolved": "https://registry.npmjs.org/@algolia/recommend/-/recommend-5.59.0.tgz",
      "integrity": "sha512-nXBK2uygWtvbCOffMWqqfjjcEtp9enDKY5/2Pw/Hhw8VVaOyK2ThbGK04bNX/Le+qoK1VHYkodWGVTKfw0Otkw==",
      "license": "MIT",
      "dependencies": {
        "@algolia/client-common": "5.59.0",
        "@algolia/requester-browser-xhr": "5.59.0",
        "@algolia/requester-fetch": "5.59.0",
        "@algolia/requester-node-http": "5.59.0"
      },
      "engines": {
        "node": ">= 14.0.0"
      }
    },
    "node_modules/@algolia/requester-browser-xhr": {
      "version": "5.59.0",
      "resolved": "https://registry.npmjs.org/@algolia/requester-browser-xhr/-/requester-browser-xhr-5.59.0.tgz",
      "integrity": "sha512-yb+4afX/zja8QwX0KmV4/ae2kyYkRknsE79CRusYS2U5D8qwn2wq0cn1x12f3tm3F3+5FgmDdbuGdQTuCLSKMQ==",
      "license": "MIT",
      "dependencies": {
        "@algolia/client-common": "5.59.0"
      },
      "engines": {
        "node": ">= 14.0.0"
      }
    },
    "node_modules/@algolia/requester-fetch": {
      "version": "5.59.0",
      "resolved": "https://registry.npmjs.org/@algolia/requester-fetch/-/requester-fetch-5.59.0.tgz",
      "integrity": "sha512-Lp52TmpA1QtNmdHzs505Xwf4tgII7RAapkDSF9AAtWIBETcGaTIaXci4Rd9nS6SdaWK1BWTSqAPp5wzh6UN3Ag==",
      "license": "MIT",
      "dependencies": {
        "@algolia/client-common": "5.59.0"
      },
      "engines": {
        "node": ">= 14.0.0"
      }
    },
    "node_modules/@algolia/requester-node-http": {
      "version": "5.59.0",
      "resolved": "https://registry.npmjs.org/@algolia/requester-node-http/-/requester-node-http-5.59.0.tgz",
      "integrity": "sha512-YYHLEs5rC6oRTFwT7bJaKBR9NSFzikeVHGAT1ffATmUQzR8XqyhHXjoieAUoR7fBU6I5cfy1FVeh5GoRgriuzA==",
      "license": "MIT",
      "dependencies": {
        "@algolia/client-common": "5.59.0"
      },
      "engines": {
        "node": ">= 14.0.0"
      }
    },
    "node_modules/@anthropic-ai/sdk": {
      "version": "0.131.0",
      "resolved": "https://registry.npmjs.org/@anthropic-ai/sdk/-/sdk-0.131.0.tgz",
      "integrity": "sha512-9+PepoU7qVMmM70jSahdnfcMHAvAnzhMOLv2W9WjRLO+OG/MAiBETkwKZqv7KIJ1Cj5h8eZ019bHzZaq+Mbepw==",
      "license": "MIT",
      "dependencies": {
        "json-schema-to-ts": "^3.1.1",
        "standardwebhooks": "^1.0.0"
      },
      "bin": {
        "anthropic-ai-sdk": "bin/cli"
      },
      "peerDependencies": {
        "zod": "^3.25.0 || ^4.0.0"
      },
      "peerDependenciesMeta": {
        "zod": {
          "optional": true
        }
      }
    },
    "node_modules/@babel/runtime": {
      "version": "7.29.7",
      "resolved": "https://registry.npmjs.org/@babel/runtime/-/runtime-7.29.7.tgz",
      "integrity": "sha512-Nq8OhGWiZIZGV6hLHoyAKLLcJihP/xFeBMGJoUrxTX2psI8dCifzLhZISFb+VWS3wFMRDmCGw5R+dOySCqPLhw==",
      "license": "MIT",
      "engines": {
        "node": ">=6.9.0"
      }
    },
    "node_modules/@stablelib/base64": {
      "version": "1.0.1",
      "resolved": "https://registry.npmjs.org/@stablelib/base64/-/base64-1.0.1.tgz",
      "integrity": "sha512-1bnPQqSxSuc3Ii6MhBysoWCg58j97aUjuCSZrGSmDxNqtytIi0k8utUenAwTZN4V5mXXYGsVUI9zeBqy+jBOSQ==",
      "license": "MIT"
    },
    "node_modules/@vercel/cli-config": {
      "version": "0.3.1",
      "resolved": "https://registry.npmjs.org/@vercel/cli-config/-/cli-config-0.3.1.tgz",
      "integrity": "sha512-sISbygqlFXYb8qfPu/+2Cf/A8IjrlAuZePdag3EDQr2PRA455s7UZtl9Ro674CWsB/saBRmz3jEkw0YsQs8OoQ==",
      "license": "Apache-2.0",
      "dependencies": {
        "xdg-app-paths": "5",
        "zod": "4.1.11"
      }
    },
    "node_modules/@vercel/cli-exec": {
      "version": "1.0.1",
      "resolved": "https://registry.npmjs.org/@vercel/cli-exec/-/cli-exec-1.0.1.tgz",
      "integrity": "sha512-g9XerViJ/paZujufXYcu5XYI2vU2rtB4sgdpjUHde5RnOkdmpu0ngH46LCFGHoPXO/C+qDPSczIHIRN+8Q2YKQ==",
      "license": "Apache-2.0",
      "dependencies": {
        "execa": "5.1.1"
      },
      "engines": {
        "node": ">= 18"
      }
    },
    "node_modules/@vercel/functions": {
      "version": "3.9.10",
      "resolved": "https://registry.npmjs.org/@vercel/functions/-/functions-3.9.10.tgz",
      "integrity": "sha512-s/Hbm2e/9YDGqAgjsAuhdnSc07psq0AVuELkImVfzoT52CbHLT3DTVoN6N4wtVeel9Tv1G4xB7S2cEkPH4j0og==",
      "license": "Apache-2.0",
      "dependencies": {
        "@vercel/oidc": "3.8.10"
      },
      "engines": {
        "node": ">= 20"
      },
      "peerDependencies": {
        "@aws-sdk/credential-provider-web-identity": "*",
        "ws": ">=8"
      },
      "peerDependenciesMeta": {
        "@aws-sdk/credential-provider-web-identity": {
          "optional": true
        },
        "ws": {
          "optional": true
        }
      }
    },
    "node_modules/@vercel/oidc": {
      "version": "3.8.10",
      "resolved": "https://registry.npmjs.org/@vercel/oidc/-/oidc-3.8.10.tgz",
      "integrity": "sha512-sPw1kIfQEA6/2dB+zlAJHnhhNBRJ8t/t4HfFvKO+g0EPBA7NbCKyGovuhgAV6Mnl865ka7HqCEguIy596czdAw==",
      "license": "Apache-2.0",
      "dependencies": {
        "@vercel/cli-config": "0.3.1",
        "@vercel/cli-exec": "1.0.1",
        "jose": "^5.9.6"
      },
      "engines": {
        "node": ">= 20"
      }
    },
    "node_modules/algoliasearch": {
      "version": "5.59.0",
      "resolved": "https://registry.npmjs.org/algoliasearch/-/algoliasearch-5.59.0.tgz",
      "integrity": "sha512-wUXzaeI7B526W4y1gFg3lcxgDZ67XSgRJIiellYWOas/pLpO7rOtxm9Gr2E/C8aiSDXIgx1q5TdSsvK67Uakqw==",
      "license": "MIT",
      "dependencies": {
        "@algolia/abtesting": "1.25.0",
        "@algolia/client-abtesting": "5.59.0",
        "@algolia/client-analytics": "5.59.0",
        "@algolia/client-common": "5.59.0",
        "@algolia/client-insights": "5.59.0",
        "@algolia/client-personalization": "5.59.0",
        "@algolia/client-query-suggestions": "5.59.0",
        "@algolia/client-search": "5.59.0",
        "@algolia/ingestion": "1.59.0",
        "@algolia/monitoring": "1.59.0",
        "@algolia/recommend": "5.59.0",
        "@algolia/requester-browser-xhr": "5.59.0",
        "@algolia/requester-fetch": "5.59.0",
        "@algolia/requester-node-http": "5.59.0"
      },
      "engines": {
        "node": ">= 14.0.0"
      }
    },
    "node_modules/cross-spawn": {
      "version": "7.0.6",
      "resolved": "https://registry.npmjs.org/cross-spawn/-/cross-spawn-7.0.6.tgz",
      "integrity": "sha512-uV2QOWP2nWzsy2aMp8aRibhi9dlzF5Hgh5SHaB9OiTGEyDTiJJyx0uy51QXdyWbtAHNua4XJzUKca3OzKUd3vA==",
      "license": "MIT",
      "dependencies": {
        "path-key": "^3.1.0",
        "shebang-command": "^2.0.0",
        "which": "^2.0.1"
      },
      "engines": {
        "node": ">= 8"
      }
    },
    "node_modules/data-uri-to-buffer": {
      "version": "4.0.1",
      "resolved": "https://registry.npmjs.org/data-uri-to-buffer/-/data-uri-to-buffer-4.0.1.tgz",
      "integrity": "sha512-0R9ikRb668HB7QDxT1vkpuUBtqc53YyAwMwGeUFKRojY/NWKvdZ+9UYtRfGmhqNbRkTSVpMbmyhXipFFv2cb/A==",
      "license": "MIT",
      "engines": {
        "node": ">= 12"
      }
    },
    "node_modules/execa": {
      "version": "5.1.1",
      "resolved": "https://registry.npmjs.org/execa/-/execa-5.1.1.tgz",
      "integrity": "sha512-8uSpZZocAZRBAPIEINJj3Lo9HyGitllczc27Eh5YYojjMFMn8yHMDMaUHE2Jqfq05D/wucwI4JGURyXt1vchyg==",
      "license": "MIT",
      "dependencies": {
        "cross-spawn": "^7.0.3",
        "get-stream": "^6.0.0",
        "human-signals": "^2.1.0",
        "is-stream": "^2.0.0",
        "merge-stream": "^2.0.0",
        "npm-run-path": "^4.0.1",
        "onetime": "^5.1.2",
        "signal-exit": "^3.0.3",
        "strip-final-newline": "^2.0.0"
      },
      "engines": {
        "node": ">=10"
      },
      "funding": {
        "url": "https://github.com/sindresorhus/execa?sponsor=1"
      }
    },
    "node_modules/fast-sha256": {
      "version": "1.3.0",
      "resolved": "https://registry.npmjs.org/fast-sha256/-/fast-sha256-1.3.0.tgz",
      "integrity": "sha512-n11RGP/lrWEFI/bWdygLxhI+pVeo1ZYIVwvvPkW7azl/rOy+F3HYRZ2K5zeE9mmkhQppyv9sQFx0JM9UabnpPQ==",
      "license": "Unlicense"
    },
    "node_modules/fetch-blob": {
      "version": "3.2.0",
      "resolved": "https://registry.npmjs.org/fetch-blob/-/fetch-blob-3.2.0.tgz",
      "integrity": "sha512-7yAQpD2UMJzLi1Dqv7qFYnPbaPx7ZfFK6PiIxQ4PfkGPyNyl2Ugx+a/umUonmKqjhM4DnfbMvdX6otXq83soQQ==",
      "funding": [
        {
          "type": "github",
          "url": "https://github.com/sponsors/jimmywarting"
        },
        {
          "type": "paypal",
          "url": "https://paypal.me/jimmywarting"
        }
      ],
      "license": "MIT",
      "dependencies": {
        "node-domexception": "^1.0.0",
        "web-streams-polyfill": "^3.0.3"
      },
      "engines": {
        "node": "^12.20 || >= 14.13"
      }
    },
    "node_modules/formdata-polyfill": {
      "version": "4.0.10",
      "resolved": "https://registry.npmjs.org/formdata-polyfill/-/formdata-polyfill-4.0.10.tgz",
      "integrity": "sha512-buewHzMvYL29jdeQTVILecSaZKnt/RJWjoZCF5OW60Z67/GmSLBkOFM7qh1PI3zFNtJbaZL5eQu1vLfazOwj4g==",
      "license": "MIT",
      "dependencies": {
        "fetch-blob": "^3.1.2"
      },
      "engines": {
        "node": ">=12.20.0"
      }
    },
    "node_modules/get-stream": {
      "version": "6.0.1",
      "resolved": "https://registry.npmjs.org/get-stream/-/get-stream-6.0.1.tgz",
      "integrity": "sha512-ts6Wi+2j3jQjqi70w5AlN8DFnkSwC+MqmxEzdEALB2qXZYV3X/b1CTfgPLGJNMeAWxdPfU8FO1ms3NUfaHCPYg==",
      "license": "MIT",
      "engines": {
        "node": ">=10"
      },
      "funding": {
        "url": "https://github.com/sponsors/sindresorhus"
      }
    },
    "node_modules/human-signals": {
      "version": "2.1.0",
      "resolved": "https://registry.npmjs.org/human-signals/-/human-signals-2.1.0.tgz",
      "integrity": "sha512-B4FFZ6q/T2jhhksgkbEW3HBvWIfDW85snkQgawt07S7J5QXTk6BkNV+0yAeZrM5QpMAdYlocGoljn0sJ/WQkFw==",
      "license": "Apache-2.0",
      "engines": {
        "node": ">=10.17.0"
      }
    },
    "node_modules/is-stream": {
      "version": "2.0.1",
      "resolved": "https://registry.npmjs.org/is-stream/-/is-stream-2.0.1.tgz",
      "integrity": "sha512-hFoiJiTl63nn+kstHGBtewWSKnQLpyb155KHheA1l39uvtO9nWIop1p3udqPcUd/xbF1VLMO4n7OI6p7RbngDg==",
      "license": "MIT",
      "engines": {
        "node": ">=8"
      },
      "funding": {
        "url": "https://github.com/sponsors/sindresorhus"
      }
    },
    "node_modules/isexe": {
      "version": "2.0.0",
      "resolved": "https://registry.npmjs.org/isexe/-/isexe-2.0.0.tgz",
      "integrity": "sha512-RHxMLp9lnKHGHRng9QFhRCMbYAcVpn69smSGcq3f36xjgVVWThj4qqLbTLlq7Ssj8B+fIQ1EuCEGI2lKsyQeIw==",
      "license": "ISC"
    },
    "node_modules/jose": {
      "version": "5.10.0",
      "resolved": "https://registry.npmjs.org/jose/-/jose-5.10.0.tgz",
      "integrity": "sha512-s+3Al/p9g32Iq+oqXxkW//7jk2Vig6FF1CFqzVXoTUXt2qz89YWbL+OwS17NFYEvxC35n0FKeGO2LGYSxeM2Gg==",
      "license": "MIT",
      "funding": {
        "url": "https://github.com/sponsors/panva"
      }
    },
    "node_modules/json-schema-to-ts": {
      "version": "3.1.1",
      "resolved": "https://registry.npmjs.org/json-schema-to-ts/-/json-schema-to-ts-3.1.1.tgz",
      "integrity": "sha512-+DWg8jCJG2TEnpy7kOm/7/AxaYoaRbjVB4LFZLySZlWn8exGs3A4OLJR966cVvU26N7X9TWxl+Jsw7dzAqKT6g==",
      "license": "MIT",
      "dependencies": {
        "@babel/runtime": "^7.18.3",
        "ts-algebra": "^2.0.0"
      },
      "engines": {
        "node": ">=16"
      }
    },
    "node_modules/merge-stream": {
      "version": "2.0.0",
      "resolved": "https://registry.npmjs.org/merge-stream/-/merge-stream-2.0.0.tgz",
      "integrity": "sha512-abv/qOcuPfk3URPfDzmZU1LKmuw8kT+0nIHvKrKgFrwifol/doWcdA4ZqsWQ8ENrFKkd67Mfpo/LovbIUsbt3w==",
      "license": "MIT"
    },
    "node_modules/mimic-fn": {
      "version": "2.1.0",
      "resolved": "https://registry.npmjs.org/mimic-fn/-/mimic-fn-2.1.0.tgz",
      "integrity": "sha512-OqbOk5oEQeAZ8WXWydlu9HJjz9WVdEIvamMCcXmuqUYjTknH/sqsWvhQ3vgwKFRR1HpjvNBKQ37nbJgYzGqGcg==",
      "license": "MIT",
      "engines": {
        "node": ">=6"
      }
    },
    "node_modules/node-domexception": {
      "version": "1.0.0",
      "resolved": "https://registry.npmjs.org/node-domexception/-/node-domexception-1.0.0.tgz",
      "integrity": "sha512-/jKZoMpw0F8GRwl4/eLROPA3cfcXtLApP0QzLmUT/HuPCZWyB7IY9ZrMeKw2O/nFIqPQB3PVM9aYm0F312AXDQ==",
      "deprecated": "Use your platform's native DOMException instead",
      "funding": [
        {
          "type": "github",
          "url": "https://github.com/sponsors/jimmywarting"
        },
        {
          "type": "github",
          "url": "https://paypal.me/jimmywarting"
        }
      ],
      "license": "MIT",
      "engines": {
        "node": ">=10.5.0"
      }
    },
    "node_modules/node-fetch": {
      "version": "3.3.2",
      "resolved": "https://registry.npmjs.org/node-fetch/-/node-fetch-3.3.2.tgz",
      "integrity": "sha512-dRB78srN/l6gqWulah9SrxeYnxeddIG30+GOqK/9OlLVyLg3HPnr6SqOWTWOXKRwC2eGYCkZ59NNuSgvSrpgOA==",
      "license": "MIT",
      "dependencies": {
        "data-uri-to-buffer": "^4.0.0",
        "fetch-blob": "^3.1.4",
        "formdata-polyfill": "^4.0.10"
      },
      "engines": {
        "node": "^12.20.0 || ^14.13.1 || >=16.0.0"
      },
      "funding": {
        "type": "opencollective",
        "url": "https://opencollective.com/node-fetch"
      }
    },
    "node_modules/npm-run-path": {
      "version": "4.0.1",
      "resolved": "https://registry.npmjs.org/npm-run-path/-/npm-run-path-4.0.1.tgz",
      "integrity": "sha512-S48WzZW777zhNIrn7gxOlISNAqi9ZC/uQFnRdbeIHhZhCA6UqpkOT8T1G7BvfdgP4Er8gF4sUbaS0i7QvIfCWw==",
      "license": "MIT",
      "dependencies": {
        "path-key": "^3.0.0"
      },
      "engines": {
        "node": ">=8"
      }
    },
    "node_modules/onetime": {
      "version": "5.1.2",
      "resolved": "https://registry.npmjs.org/onetime/-/onetime-5.1.2.tgz",
      "integrity": "sha512-kbpaSSGJTWdAY5KPVeMOKXSrPtr8C8C7wodJbcsd51jRnmD+GZu8Y0VoU6Dm5Z4vWr0Ig/1NKuWRKf7j5aaYSg==",
      "license": "MIT",
      "dependencies": {
        "mimic-fn": "^2.1.0"
      },
      "engines": {
        "node": ">=6"
      },
      "funding": {
        "url": "https://github.com/sponsors/sindresorhus"
      }
    },
    "node_modules/os-paths": {
      "version": "4.4.0",
      "resolved": "https://registry.npmjs.org/os-paths/-/os-paths-4.4.0.tgz",
      "integrity": "sha512-wrAwOeXp1RRMFfQY8Sy7VaGVmPocaLwSFOYCGKSyo8qmJ+/yaafCl5BCA1IQZWqFSRBrKDYFeR9d/VyQzfH/jg==",
      "license": "MIT",
      "engines": {
        "node": ">= 6.0"
      }
    },
    "node_modules/path-key": {
      "version": "3.1.1",
      "resolved": "https://registry.npmjs.org/path-key/-/path-key-3.1.1.tgz",
      "integrity": "sha512-ojmeN0qd+y0jszEtoY48r0Peq5dwMEkIlCOu6Q5f41lfkswXuKtYrhgoTpLnyIcHm24Uhqx+5Tqm2InSwLhE6Q==",
      "license": "MIT",
      "engines": {
        "node": ">=8"
      }
    },
    "node_modules/shebang-command": {
      "version": "2.0.0",
      "resolved": "https://registry.npmjs.org/shebang-command/-/shebang-command-2.0.0.tgz",
      "integrity": "sha512-kHxr2zZpYtdmrN1qDjrrX/Z1rR1kG8Dx+gkpK1G4eXmvXswmcE1hTWBWYUzlraYw1/yZp6YuDY77YtvbN0dmDA==",
      "license": "MIT",
      "dependencies": {
        "shebang-regex": "^3.0.0"
      },
      "engines": {
        "node": ">=8"
      }
    },
    "node_modules/shebang-regex": {
      "version": "3.0.0",
      "resolved": "https://registry.npmjs.org/shebang-regex/-/shebang-regex-3.0.0.tgz",
      "integrity": "sha512-7++dFhtcx3353uBaq8DDR4NuxBetBzC7ZQOhmTQInHEd6bSrXdiEyzCvG07Z44UYdLShWUyXt5M/yhz8ekcb1A==",
      "license": "MIT",
      "engines": {
        "node": ">=8"
      }
    },
    "node_modules/signal-exit": {
      "version": "3.0.7",
      "resolved": "https://registry.npmjs.org/signal-exit/-/signal-exit-3.0.7.tgz",
      "integrity": "sha512-wnD2ZE+l+SPC/uoS0vXeE9L1+0wuaMqKlfz9AMUo38JsyLSBWSFcHR1Rri62LZc12vLr1gb3jl7iwQhgwpAbGQ==",
      "license": "ISC"
    },
    "node_modules/standardwebhooks": {
      "version": "1.1.1",
      "resolved": "https://registry.npmjs.org/standardwebhooks/-/standardwebhooks-1.1.1.tgz",
      "integrity": "sha512-bCbX9ZEyFkWPsRz7Bl3NuQUJohmwGSev/yhr7vhaGPlc4AfIrspIRa6cPTBuI1ItmrTDJ4d/S2hCsfe4+vQGnQ==",
      "license": "MIT",
      "dependencies": {
        "@stablelib/base64": "^1.0.0",
        "fast-sha256": "^1.3.0"
      }
    },
    "node_modules/strip-final-newline": {
      "version": "2.0.0",
      "resolved": "https://registry.npmjs.org/strip-final-newline/-/strip-final-newline-2.0.0.tgz",
      "integrity": "sha512-BrpvfNAE3dcvq7ll3xVumzjKjZQ5tI1sEUIKr3Uoks0XUl45St3FlatVqef9prk4jRDzhW6WZg+3bk93y6pLjA==",
      "license": "MIT",
      "engines": {
        "node": ">=6"
      }
    },
    "node_modules/ts-algebra": {
      "version": "2.0.0",
      "resolved": "https://registry.npmjs.org/ts-algebra/-/ts-algebra-2.0.0.tgz",
      "integrity": "sha512-FPAhNPFMrkwz76P7cdjdmiShwMynZYN6SgOujD1urY4oNm80Ou9oMdmbR45LotcKOXoy7wSmHkRFE6Mxbrhefw==",
      "license": "MIT"
    },
    "node_modules/web-streams-polyfill": {
      "version": "3.3.3",
      "resolved": "https://registry.npmjs.org/web-streams-polyfill/-/web-streams-polyfill-3.3.3.tgz",
      "integrity": "sha512-d2JWLCivmZYTSIoge9MsgFCZrt571BikcWGYkjC1khllbTeDlGqZ2D8vD8E/lJa8WGWbb7Plm8/XJYV7IJHZZw==",
      "license": "MIT",
      "engines": {
        "node": ">= 8"
      }
    },
    "node_modules/which": {
      "version": "2.0.2",
      "resolved": "https://registry.npmjs.org/which/-/which-2.0.2.tgz",
      "integrity": "sha512-BLI3Tl1TW3Pvl70l3yq3Y64i+awpwXqsGBYWkkqMtnbXgrMD+yj7rhW0kuEDxzJaYXGjEW5ogapKNMEKNMjibA==",
      "license": "ISC",
      "dependencies": {
        "isexe": "^2.0.0"
      },
      "bin": {
        "node-which": "bin/node-which"
      },
      "engines": {
        "node": ">= 8"
      }
    },
    "node_modules/xdg-app-paths": {
      "version": "5.5.1",
      "resolved": "https://registry.npmjs.org/xdg-app-paths/-/xdg-app-paths-5.5.1.tgz",
      "integrity": "sha512-hI3flOB4PLZIy5prbtTpirobtPE2ZtZ52szO+2mM9Efp6ErM398La+C1lIpNWDfNoQk+6Lsi6nMcCwVB7pxeMQ==",
      "license": "MIT",
      "dependencies": {
        "os-paths": "^4.0.1",
        "xdg-portable": "^7.2.0"
      },
      "engines": {
        "node": ">= 6.0"
      }
    },
    "node_modules/xdg-portable": {
      "version": "7.3.0",
      "resolved": "https://registry.npmjs.org/xdg-portable/-/xdg-portable-7.3.0.tgz",
      "integrity": "sha512-sqMMuL1rc0FmMBOzCpd0yuy9trqF2yTTVe+E9ogwCSWQCdDEtQUwrZPT6AxqtsFGRNxycgncbP/xmOOSPw5ZUw==",
      "license": "MIT",
      "dependencies": {
        "os-paths": "^4.0.1"
      },
      "engines": {
        "node": ">= 6.0"
      }
    },
    "node_modules/zod": {
      "version": "4.1.11",
      "resolved": "https://registry.npmjs.org/zod/-/zod-4.1.11.tgz",
      "integrity": "sha512-WPsqwxITS2tzx1bzhIKsEs19ABD5vmCVa4xBo2tq/SrV4RNZtfws1EnCWQXM6yh8bD08a1idvkB5MZSBiZsjwg==",
      "license": "MIT",
      "funding": {
        "url": "https://github.com/sponsors/colinhacks"
      }
    }
  }
}
